// !$*UTF8*$!
{
	archiveVersion = 1;
	classes = {
	};
	objectVersion = 50;
	objects = {

/* Begin PBXBuildFile section */
		A3A8085621F4AB5300A761EF /* AppDelegate.swift in Sources */ = {isa = PBXBuildFile; fileRef = A3A8085521F4AB5300A761EF /* AppDelegate.swift */; };
		A3A8085821F4AB5300A761EF /* ViewController.swift in Sources */ = {isa = PBXBuildFile; fileRef = A3A8085721F4AB5300A761EF /* ViewController.swift */; };
		A3A8085B21F4AB5300A761EF /* Main.storyboard in Resources */ = {isa = PBXBuildFile; fileRef = A3A8085921F4AB5300A761EF /* Main.storyboard */; };
		A3A8085E21F4AB5300A761EF /* Calculator.xcdatamodeld in Sources */ = {isa = PBXBuildFile; fileRef = A3A8085C21F4AB5300A761EF /* Calculator.xcdatamodeld */; };
		A3A8086021F4AB5500A761EF /* Assets.xcassets in Resources */ = {isa = PBXBuildFile; fileRef = A3A8085F21F4AB5500A761EF /* Assets.xcassets */; };
		A3A8086321F4AB5500A761EF /* LaunchScreen.storyboard in Resources */ = {isa = PBXBuildFile; fileRef = A3A8086121F4AB5500A761EF /* LaunchScreen.storyboard */; };
		A3A8086E21F4AB5500A761EF /* CalculatorTests.swift in Sources */ = {isa = PBXBuildFile; fileRef = A3A8086D21F4AB5500A761EF /* CalculatorTests.swift */; };
		A3A8087921F4AB5500A761EF /* CalculatorUITests.swift in Sources */ = {isa = PBXBuildFile; fileRef = A3A8087821F4AB5500A761EF /* CalculatorUITests.swift */; };
/* End PBXBuildFile section */

/* Begin PBXContainerItemProxy section */
		A3A8086A21F4AB5500A761EF /* PBXContainerItemProxy */ = {
			isa = PBXContainerItemProxy;
			containerPortal = A3A8084A21F4AB5300A761EF /* Project object */;
			proxyType = 1;
			remoteGlobalIDString = A3A8085121F4AB5300A761EF;
			remoteInfo = Calculator;
		};
		A3A8087521F4AB5500A761EF /* PBXContainerItemProxy */ = {
			isa = PBXContainerItemProxy;
			containerPortal = A3A8084A21F4AB5300A761EF /* Project object */;
			proxyType = 1;
			remoteGlobalIDString = A3A8085121F4AB5300A761EF;
			remoteInfo = Calculator;
		};
/* End PBXContainerItemProxy section */

/* Begin PBXFileReference section */
		A3A8085221F4AB5300A761EF /* Calculator.app */ = {isa = PBXFileReference; explicitFileType = wrapper.application; includeInIndex = 0; path = Calculator.app; sourceTree = BUILT_PRODUCTS_DIR; };
		A3A8085521F4AB5300A761EF /* AppDelegate.swift */ = {isa = PBXFileReference; lastKnownFileType = sourcecode.swift; path = AppDelegate.swift; sourceTree = "<group>"; };
		A3A8085721F4AB5300A761EF /* ViewController.swift */ = {isa = PBXFileReference; lastKnownFileType = sourcecode.swift; path = ViewController.swift; sourceTree = "<group>"; };
		A3A8085A21F4AB5300A761EF /* Base */ = {isa = PBXFileReference; lastKnownFileType = file.storyboard; name = Base; path = Base.lproj/Main.storyboard; sourceTree = "<group>"; };
		A3A8085D21F4AB5300A761EF /* Calculator.xcdatamodel */ = {isa = PBXFileReference; lastKnownFileType = wrapper.xcdatamodel; path = Calculator.xcdatamodel; sourceTree = "<group>"; };
		A3A8085F21F4AB5500A761EF /* Assets.xcassets */ = {isa = PBXFileReference; lastKnownFileType = folder.assetcatalog; path = Assets.xcassets; sourceTree = "<group>"; };
		A3A8086221F4AB5500A761EF /* Base */ = {isa = PBXFileReference; lastKnownFileType = file.storyboard; name = Base; path = Base.lproj/LaunchScreen.storyboard; sourceTree = "<group>"; };
		A3A8086421F4AB5500A761EF /* Info.plist */ = {isa = PBXFileReference; lastKnownFileType = text.plist.xml; path = Info.plist; sourceTree = "<group>"; };
		A3A8086921F4AB5500A761EF /* CalculatorTests.xctest */ = {isa = PBXFileReference; explicitFileType = wrapper.cfbundle; includeInIndex = 0; path = CalculatorTests.xctest; sourceTree = BUILT_PRODUCTS_DIR; };
		A3A8086D21F4AB5500A761EF /* CalculatorTests.swift */ = {isa = PBXFileReference; lastKnownFileType = sourcecode.swift; path = CalculatorTests.swift; sourceTree = "<group>"; };
		A3A8086F21F4AB5500A761EF /* Info.plist */ = {isa = PBXFileReference; lastKnownFileType = text.plist.xml; path = Info.plist; sourceTree = "<group>"; };
		A3A8087421F4AB5500A761EF /* CalculatorUITests.xctest */ = {isa = PBXFileReference; explicitFileType = wrapper.cfbundle; includeInIndex = 0; path = CalculatorUITests.xctest; sourceTree = BUILT_PRODUCTS_DIR; };
		A3A8087821F4AB5500A761EF /* CalculatorUITests.swift */ = {isa = PBXFileReference; lastKnownFileType = sourcecode.swift; path = CalculatorUITests.swift; sourceTree = "<group>"; };
		A3A8087A21F4AB5500A761EF /* Info.plist */ = {isa = PBXFileReference; lastKnownFileType = text.plist.xml; path = Info.plist; sourceTree = "<group>"; };
/* End PBXFileReference section */

/* Begin PBXFrameworksBuildPhase section */
		A3A8084F21F4AB5300A761EF /* Frameworks */ = {
			isa = PBXFrameworksBuildPhase;
			buildActionMask = 2147483647;
			files = (
			);
			runOnlyForDeploymentPostprocessing = 0;
		};
		A3A8086621F4AB5500A761EF /* Frameworks */ = {
			isa = PBXFrameworksBuildPhase;
			buildActionMask = 2147483647;
			files = (
			);
			runOnlyForDeploymentPostprocessing = 0;
		};
		A3A8087121F4AB5500A761EF /* Frameworks */ = {
			isa = PBXFrameworksBuildPhase;
			buildActionMask = 2147483647;
			files = (
			);
			runOnlyForDeploymentPostprocessing = 0;
		};
/* End PBXFrameworksBuildPhase section */

/* Begin PBXGroup section */
		A3A8084921F4AB5300A761EF = {
			isa = PBXGroup;
			children = (
				A3A8085421F4AB5300A761EF /* Calculator */,
				A3A8086C21F4AB5500A761EF /* CalculatorTests */,
				A3A8087721F4AB5500A761EF /* CalculatorUITests */,
				A3A8085321F4AB5300A761EF /* Products */,
			);
			sourceTree = "<group>";
		};
		A3A8085321F4AB5300A761EF /* Products */ = {
			isa = PBXGroup;
			children = (
				A3A8085221F4AB5300A761EF /* Calculator.app */,
				A3A8086921F4AB5500A761EF /* CalculatorTests.xctest */,
				A3A8087421F4AB5500A761EF /* CalculatorUITests.xctest */,
			);
			name = Products;
			sourceTree = "<group>";
		};
		A3A8085421F4AB5300A761EF /* Calculator */ = {
			isa = PBXGroup;
			children = (
				A3A8085521F4AB5300A761EF /* AppDelegate.swift */,
				A3A8085721F4AB5300A761EF /* ViewController.swift */,
				A3A8085921F4AB5300A761EF /* Main.storyboard */,
				A3A8085F21F4AB5500A761EF /* Assets.xcassets */,
				A3A8086121F4AB5500A761EF /* LaunchScreen.storyboard */,
				A3A8086421F4AB5500A761EF /* Info.plist */,
				A3A8085C21F4AB5300A761EF /* Calculator.xcdatamodeld */,
			);
			path = Calculator;
			sourceTree = "<group>";
		};
		A3A8086C21F4AB5500A761EF /* CalculatorTests */ = {
			isa = PBXGroup;
			children = (
				A3A8086D21F4AB5500A761EF /* CalculatorTests.swift */,
				A3A8086F21F4AB5500A761EF /* Info.plist */,
			);
			path = CalculatorTests;
			sourceTree = "<group>";
		};
		A3A8087721F4AB5500A761EF /* CalculatorUITests */ = {
			isa = PBXGroup;
			children = (
				A3A8087821F4AB5500A761EF /* CalculatorUITests.swift */,
				A3A8087A21F4AB5500A761EF /* Info.plist */,
			);
			path = CalculatorUITests;
			sourceTree = "<group>";
		};
/* End PBXGroup section */

/* Begin PBXNativeTarget section */
		A3A8085121F4AB5300A761EF /* Calculator */ = {
			isa = PBXNativeTarget;
			buildConfigurationList = A3A8087D21F4AB5500A761EF /* Build configuration list for PBXNativeTarget "Calculator" */;
			buildPhases = (
				A3A8084E21F4AB5300A761EF /* Sources */,
				A3A8084F21F4AB5300A761EF /* Frameworks */,
				A3A8085021F4AB5300A761EF /* Resources */,
			);
			buildRules = (
			);
			dependencies = (
			);
			name = Calculator;
			productName = Calculator;
			productReference = A3A8085221F4AB5300A761EF /* Calculator.app */;
			productType = "com.apple.product-type.application";
		};
		A3A8086821F4AB5500A761EF /* CalculatorTests */ = {
			isa = PBXNativeTarget;
			buildConfigurationList = A3A8088021F4AB5500A761EF /* Build configuration list for PBXNativeTarget "CalculatorTests" */;
			buildPhases = (
				A3A8086521F4AB5500A761EF /* Sources */,
				A3A8086621F4AB5500A761EF /* Frameworks */,
				A3A8086721F4AB5500A761EF /* Resources */,
			);
			buildRules = (
			);
			dependencies = (
				A3A8086B21F4AB5500A761EF /* PBXTargetDependency */,
			);
			name = CalculatorTests;
			productName = CalculatorTests;
			productReference = A3A8086921F4AB5500A761EF /* CalculatorTests.xctest */;
			productType = "com.apple.product-type.bundle.unit-test";
		};
		A3A8087321F4AB5500A761EF /* CalculatorUITests */ = {
			isa = PBXNativeTarget;
			buildConfigurationList = A3A8088321F4AB5500A761EF /* Build configuration list for PBXNativeTarget "CalculatorUITests" */;
			buildPhases = (
				A3A8087021F4AB5500A761EF /* Sources */,
				A3A8087121F4AB5500A761EF /* Frameworks */,
				A3A8087221F4AB5500A761EF /* Resources */,
			);
			buildRules = (
			);
			dependencies = (
				A3A8087621F4AB5500A761EF /* PBXTargetDependency */,
			);
			name = CalculatorUITests;
			productName = CalculatorUITests;
			productReference = A3A8087421F4AB5500A761EF /* CalculatorUITests.xctest */;
			productType = "com.apple.product-type.bundle.ui-testing";
		};
/* End PBXNativeTarget section */

/* Begin PBXProject section */
		A3A8084A21F4AB5300A761EF /* Project object */ = {
			isa = PBXProject;
			attributes = {
				LastSwiftUpdateCheck = 1010;
				LastUpgradeCheck = 1010;
				ORGANIZATIONNAME = Can;
				TargetAttributes = {
					A3A8085121F4AB5300A761EF = {
						CreatedOnToolsVersion = 10.1;
					};
					A3A8086821F4AB5500A761EF = {
						CreatedOnToolsVersion = 10.1;
						TestTargetID = A3A8085121F4AB5300A761EF;
					};
					A3A8087321F4AB5500A761EF = {
						CreatedOnToolsVersion = 10.1;
						TestTargetID = A3A8085121F4AB5300A761EF;
					};
				};
			};
			buildConfigurationList = A3A8084D21F4AB5300A761EF /* Build configuration list for PBXProject "Calculator" */;
			compatibilityVersion = "Xcode 9.3";
			developmentRegion = en;
			hasScannedForEncodings = 0;
			knownRegions = (
				en,
				Base,
			);
			mainGroup = A3A8084921F4AB5300A761EF;
			productRefGroup = A3A8085321F4AB5300A761EF /* Products */;
			projectDirPath = "";
			projectRoot = "";
			targets = (
				A3A8085121F4AB5300A761EF /* Calculator */,
				A3A8086821F4AB5500A761EF /* CalculatorTests */,
				A3A8087321F4AB5500A761EF /* CalculatorUITests */,
			);
		};
/* End PBXProject section */

/* Begin PBXResourcesBuildPhase section */
		A3A8085021F4AB5300A761EF /* Resources */ = {
			isa = PBXResourcesBuildPhase;
			buildActionMask = 2147483647;
			files = (
				A3A8086321F4AB5500A761EF /* LaunchScreen.storyboard in Resources */,
				A3A8086021F4AB5500A761EF /* Assets.xcassets in Resources */,
				A3A8085B21F4AB5300A761EF /* Main.storyboard in Resources */,
			);
			runOnlyForDeploymentPostprocessing = 0;
		};
		A3A8086721F4AB5500A761EF /* Resources */ = {
			isa = PBXResourcesBuildPhase;
			buildActionMask = 2147483647;
			files = (
			);
			runOnlyForDeploymentPostprocessing = 0;
		};
		A3A8087221F4AB5500A761EF /* Resources */ = {
			isa = PBXResourcesBuildPhase;
			buildActionMask = 2147483647;
			files = (
			);
			runOnlyForDeploymentPostprocessing = 0;
		};
/* End PBXResourcesBuildPhase section */

/* Begin PBXSourcesBuildPhase section */
		A3A8084E21F4AB5300A761EF /* Sources */ = {
			isa = PBXSourcesBuildPhase;
			buildActionMask = 2147483647;
			files = (
				A3A8085821F4AB5300A761EF /* ViewController.swift in Sources */,
				A3A8085621F4AB5300A761EF /* AppDelegate.swift in Sources */,
				A3A8085E21F4AB5300A761EF /* Calculator.xcdatamodeld in Sources */,
			);
			runOnlyForDeploymentPostprocessing = 0;
		};
		A3A8086521F4AB5500A761EF /* Sources */ = {
			isa = PBXSourcesBuildPhase;
			buildActionMask = 2147483647;
			files = (
				A3A8086E21F4AB5500A761EF /* CalculatorTests.swift in Sources */,
			);
			runOnlyForDeploymentPostprocessing = 0;
		};
		A3A8087021F4AB5500A761EF /* Sources */ = {
			isa = PBXSourcesBuildPhase;
			buildActionMask = 2147483647;
			files = (
				A3A8087921F4AB5500A761EF /* CalculatorUITests.swift in Sources */,
			);
			runOnlyForDeploymentPostprocessing = 0;
		};
/* End PBXSourcesBuildPhase section */

/* Begin PBXTargetDependency section */
		A3A8086B21F4AB5500A761EF /* PBXTargetDependency */ = {
			isa = PBXTargetDependency;
			target = A3A8085121F4AB5300A761EF /* Calculator */;
			targetProxy = A3A8086A21F4AB5500A761EF /* PBXContainerItemProxy */;
		};
		A3A8087621F4AB5500A761EF /* PBXTargetDependency */ = {
			isa = PBXTargetDependency;
			target = A3A8085121F4AB5300A761EF /* Calculator */;
			targetProxy = A3A8087521F4AB5500A761EF /* PBXContainerItemProxy */;
		};
/* End PBXTargetDependency section */

/* Begin PBXVariantGroup section */
		A3A8085921F4AB5300A761EF /* Main.storyboard */ = {
			isa = PBXVariantGroup;
			children = (
				A3A8085A21F4AB5300A761EF /* Base */,
			);
			name = Main.storyboard;
			sourceTree = "<group>";
		};
		A3A8086121F4AB5500A761EF /* LaunchScreen.storyboard */ = {
			isa = PBXVariantGroup;
			children = (
				A3A8086221F4AB5500A761EF /* Base */,
			);
			name = LaunchScreen.storyboard;
			sourceTree = "<group>";
		};
/* End PBXVariantGroup section */

/* Begin XCBuildConfiguration section */
		A3A8087B21F4AB5500A761EF /* Debug */ = {
			isa = XCBuildConfiguration;
			buildSettings = {
				ALWAYS_SEARCH_USER_PATHS = NO;
				CLANG_ANALYZER_NONNULL = YES;
				CLANG_ANALYZER_NUMBER_OBJECT_CONVERSION = YES_AGGRESSIVE;
				CLANG_CXX_LANGUAGE_STANDARD = "gnu++14";
				CLANG_CXX_LIBRARY = "libc++";
				CLANG_ENABLE_MODULES = YES;
				CLANG_ENABLE_OBJC_ARC = YES;
				CLANG_ENABLE_OBJC_WEAK = YES;
				CLANG_WARN_BLOCK_CAPTURE_AUTORELEASING = YES;
				CLANG_WARN_BOOL_CONVERSION = YES;
				CLANG_WARN_COMMA = YES;
				CLANG_WARN_CONSTANT_CONVERSION = YES;
				CLANG_WARN_DEPRECATED_OBJC_IMPLEMENTATIONS = YES;
				CLANG_WARN_DIRECT_OBJC_ISA_USAGE = YES_ERROR;
				CLANG_WARN_DOCUMENTATION_COMMENTS = YES;
				CLANG_WARN_EMPTY_BODY = YES;
				CLANG_WARN_ENUM_CONVERSION = YES;
				CLANG_WARN_INFINITE_RECURSION = YES;
				CLANG_WARN_INT_CONVERSION = YES;
				CLANG_WARN_NON_LITERAL_NULL_CONVERSION = YES;
				CLANG_WARN_OBJC_IMPLICIT_RETAIN_SELF = YES;
				CLANG_WARN_OBJC_LITERAL_CONVERSION = YES;
				CLANG_WARN_OBJC_ROOT_CLASS = YES_ERROR;
				CLANG_WARN_RANGE_LOOP_ANALYSIS = YES;
				CLANG_WARN_STRICT_PROTOTYPES = YES;
				CLANG_WARN_SUSPICIOUS_MOVE = YES;
				CLANG_WARN_UNGUARDED_AVAILABILITY = YES_AGGRESSIVE;
				CLANG_WARN_UNREACHABLE_CODE = YES;
				CLANG_WARN__DUPLICATE_METHOD_MATCH = YES;
				CODE_SIGN_IDENTITY = "iPhone Developer";
				COPY_PHASE_STRIP = NO;
				DEBUG_INFORMATION_FORMAT = dwarf;
				ENABLE_STRICT_OBJC_MSGSEND = YES;
				ENABLE_TESTABILITY = YES;
				GCC_C_LANGUAGE_STANDARD = gnu11;
				GCC_DYNAMIC_NO_PIC = NO;
				GCC_NO_COMMON_BLOCKS = YES;
				GCC_OPTIMIZATION_LEVEL = 0;
				GCC_PREPROCESSOR_DEFINITIONS = (
					"DEBUG=1",
					"$(inherited)",
				);
				GCC_WARN_64_TO_32_BIT_CONVERSION = YES;
				GCC_WARN_ABOUT_RETURN_TYPE = YES_ERROR;
				GCC_WARN_UNDECLARED_SELECTOR = YES;
				GCC_WARN_UNINITIALIZED_AUTOS = YES_AGGRESSIVE;
				GCC_WARN_UNUSED_FUNCTION = YES;
				GCC_WARN_UNUSED_VARIABLE = YES;
				IPHONEOS_DEPLOYMENT_TARGET = 12.1;
				MTL_ENABLE_DEBUG_INFO = INCLUDE_SOURCE;
				MTL_FAST_MATH = YES;
				ONLY_ACTIVE_ARCH = YES;
				SDKROOT = iphoneos;
				SWIFT_ACTIVE_COMPILATION_CONDITIONS = DEBUG;
				SWIFT_OPTIMIZATION_LEVEL = "-Onone";
			};
			name = Debug;
		};
		A3A8087C21F4AB5500A761EF /* Release */ = {
			isa = XCBuildConfiguration;
			buildSettings = {
				ALWAYS_SEARCH_USER_PATHS = NO;
				CLANG_ANALYZER_NONNULL = YES;
				CLANG_ANALYZER_NUMBER_OBJECT_CONVERSION = YES_AGGRESSIVE;
				CLANG_CXX_LANGUAGE_STANDARD = "gnu++14";
				CLANG_CXX_LIBRARY = "libc++";
				CLANG_ENABLE_MODULES = YES;
				CLANG_ENABLE_OBJC_ARC = YES;
				CLANG_ENABLE_OBJC_WEAK = YES;
				CLANG_WARN_BLOCK_CAPTURE_AUTORELEASING = YES;
				CLANG_WARN_BOOL_CONVERSION = YES;
				CLANG_WARN_COMMA = YES;
				CLANG_WARN_CONSTANT_CONVERSION = YES;
				CLANG_WARN_DEPRECATED_OBJC_IMPLEMENTATIONS = YES;
				CLANG_WARN_DIRECT_OBJC_ISA_USAGE = YES_ERROR;
				CLANG_WARN_DOCUMENTATION_COMMENTS = YES;
				CLANG_WARN_EMPTY_BODY = YES;
				CLANG_WARN_ENUM_CONVERSION = YES;
				CLANG_WARN_INFINITE_RECURSION = YES;
				CLANG_WARN_INT_CONVERSION = YES;
				CLANG_WARN_NON_LITERAL_NULL_CONVERSION = YES;
				CLANG_WARN_OBJC_IMPLICIT_RETAIN_SELF = YES;
				CLANG_WARN_OBJC_LITERAL_CONVERSION = YES;
				CLANG_WARN_OBJC_ROOT_CLASS = YES_ERROR;
				CLANG_WARN_RANGE_LOOP_ANALYSIS = YES;
				CLANG_WARN_STRICT_PROTOTYPES = YES;
				CLANG_WARN_SUSPICIOUS_MOVE = YES;
				CLANG_WARN_UNGUARDED_AVAILABILITY = YES_AGGRESSIVE;
				CLANG_WARN_UNREACHABLE_CODE = YES;
				CLANG_WARN__DUPLICATE_METHOD_MATCH = YES;
				CODE_SIGN_IDENTITY = "iPhone Developer";
				COPY_PHASE_STRIP = NO;
				DEBUG_INFORMATION_FORMAT = "dwarf-with-dsym";
				ENABLE_NS_ASSERTIONS = NO;
				ENABLE_STRICT_OBJC_MSGSEND = YES;
				GCC_C_LANGUAGE_STANDARD = gnu11;
				GCC_NO_COMMON_BLOCKS = YES;
				GCC_WARN_64_TO_32_BIT_CONVERSION = YES;
				GCC_WARN_ABOUT_RETURN_TYPE = YES_ERROR;
				GCC_WARN_UNDECLARED_SELECTOR = YES;
				GCC_WARN_UNINITIALIZED_AUTOS = YES_AGGRESSIVE;
				GCC_WARN_UNUSED_FUNCTION = YES;
				GCC_WARN_UNUSED_VARIABLE = YES;
				IPHONEOS_DEPLOYMENT_TARGET = 12.1;
				MTL_ENABLE_DEBUG_INFO = NO;
				MTL_FAST_MATH = YES;
				SDKROOT = iphoneos;
				SWIFT_COMPILATION_MODE = wholemodule;
				SWIFT_OPTIMIZATION_LEVEL = "-O";
				VALIDATE_PRODUCT = YES;
			};
			name = Release;
		};
		A3A8087E21F4AB5500A761EF /* Debug */ = {
			isa = XCBuildConfiguration;
			buildSettings = {
				ASSETCATALOG_COMPILER_APPICON_NAME = AppIcon;
				CODE_SIGN_STYLE = Automatic;
				DEVELOPMENT_TEAM = UV67SNLX2W;
				INFOPLIST_FILE = Calculator/Info.plist;
				LD_RUNPATH_SEARCH_PATHS = (
					"$(inherited)",
					"@executable_path/Frameworks",
				);
				PRODUCT_BUNDLE_IDENTIFIER = can.Calculator;
				PRODUCT_NAME = "$(TARGET_NAME)";
				SWIFT_VERSION = 4.2;
				TARGETED_DEVICE_FAMILY = "1,2";
			};
			name = Debug;
		};
		A3A8087F21F4AB5500A761EF /* Release */ = {
			isa = XCBuildConfiguration;
			buildSettings = {
				ASSETCATALOG_COMPILER_APPICON_NAME = AppIcon;
				CODE_SIGN_STYLE = Automatic;
				DEVELOPMENT_TEAM = UV67SNLX2W;
				INFOPLIST_FILE = Calculator/Info.plist;
				LD_RUNPATH_SEARCH_PATHS = (
					"$(inherited)",
					"@executable_path/Frameworks",
				);
				PRODUCT_BUNDLE_IDENTIFIER = can.Calculator;
				PRODUCT_NAME = "$(TARGET_NAME)";
				SWIFT_VERSION = 4.2;
				TARGETED_DEVICE_FAMILY = "1,2";
			};
			name = Release;
		};
		A3A8088121F4AB5500A761EF /* Debug */ = {
			isa = XCBuildConfiguration;
			buildSettings = {
				ALWAYS_EMBED_SWIFT_STANDARD_LIBRARIES = YES;
				BUNDLE_LOADER = "$(TEST_HOST)";
				CODE_SIGN_STYLE = Automatic;
				INFOPLIST_FILE = CalculatorTests/Info.plist;
				LD_RUNPATH_SEARCH_PATHS = (
					"$(inherited)",
					"@executable_path/Frameworks",
					"@loader_path/Frameworks",
				);
				PRODUCT_BUNDLE_IDENTIFIER = can.CalculatorTests;
				PRODUCT_NAME = "$(TARGET_NAME)";
				SWIFT_VERSION = 4.2;
				TARGETED_DEVICE_FAMILY = "1,2";
				TEST_HOST = "$(BUILT_PRODUCTS_DIR)/Calculator.app/Calculator";
			};
			name = Debug;
		};
		A3A8088221F4AB5500A761EF /* Release */ = {
			isa = XCBuildConfiguration;
			buildSettings = {
				ALWAYS_EMBED_SWIFT_STANDARD_LIBRARIES = YES;
				BUNDLE_LOADER = "$(TEST_HOST)";
				CODE_SIGN_STYLE = Automatic;
				INFOPLIST_FILE = CalculatorTests/Info.plist;
				LD_RUNPATH_SEARCH_PATHS = (
					"$(inherited)",
					"@executable_path/Frameworks",
					"@loader_path/Frameworks",
				);
				PRODUCT_BUNDLE_IDENTIFIER = can.CalculatorTests;
				PRODUCT_NAME = "$(TARGET_NAME)";
				SWIFT_VERSION = 4.2;
				TARGETED_DEVICE_FAMILY = "1,2";
				TEST_HOST = "$(BUILT_PRODUCTS_DIR)/Calculator.app/Calculator";
			};
			name = Release;
		};
		A3A8088421F4AB5500A761EF /* Debug */ = {
			isa = XCBuildConfiguration;
			buildSettings = {
				ALWAYS_EMBED_SWIFT_STANDARD_LIBRARIES = YES;
				CODE_SIGN_STYLE = Automatic;
				INFOPLIST_FILE = CalculatorUITests/Info.plist;
				LD_RUNPATH_SEARCH_PATHS = (
					"$(inherited)",
					"@executable_path/Frameworks",
					"@loader_path/Frameworks",
				);
				PRODUCT_BUNDLE_IDENTIFIER = can.CalculatorUITests;
				PRODUCT_NAME = "$(TARGET_NAME)";
				SWIFT_VERSION = 4.2;
				TARGETED_DEVICE_FAMILY = "1,2";
				TEST_TARGET_NAME = Calculator;
			};
			name = Debug;
		};
		A3A8088521F4AB5500A761EF /* Release */ = {
			isa = XCBuildConfiguration;
			buildSettings = {
				ALWAYS_EMBED_SWIFT_STANDARD_LIBRARIES = YES;
				CODE_SIGN_STYLE = Automatic;
				INFOPLIST_FILE = CalculatorUITests/Info.plist;
				LD_RUNPATH_SEARCH_PATHS = (
					"$(inherited)",
					"@executable_path/Frameworks",
					"@loader_path/Frameworks",
				);
				PRODUCT_BUNDLE_IDENTIFIER = can.CalculatorUITests;
				PRODUCT_NAME = "$(TARGET_NAME)";
				SWIFT_VERSION = 4.2;
				TARGETED_DEVICE_FAMILY = "1,2";
				TEST_TARGET_NAME = Calculator;
			};
			name = Release;
		};
/* End XCBuildConfiguration section */

/* Begin XCConfigurationList section */
		A3A8084D21F4AB5300A761EF /* Build configuration list for PBXProject "Calculator" */ = {
			isa = XCConfigurationList;
			buildConfigurations = (
				A3A8087B21F4AB5500A761EF /* Debug */,
				A3A8087C21F4AB5500A761EF /* Release */,
			);
			defaultConfigurationIsVisible = 0;
			defaultConfigurationName = Release;
		};
		A3A8087D21F4AB5500A761EF /* Build configuration list for PBXNativeTarget "Calculator" */ = {
			isa = XCConfigurationList;
			buildConfigurations = (
				A3A8087E21F4AB5500A761EF /* Debug */,
				A3A8087F21F4AB5500A761EF /* Release */,
			);
			defaultConfigurationIsVisible = 0;
			defaultConfigurationName = Release;
		};
		A3A8088021F4AB5500A761EF /* Build configuration list for PBXNativeTarget "CalculatorTests" */ = {
			isa = XCConfigurationList;
			buildConfigurations = (
				A3A8088121F4AB5500A761EF /* Debug */,
				A3A8088221F4AB5500A761EF /* Release */,
			);
			defaultConfigurationIsVisible = 0;
			defaultConfigurationName = Release;
		};
		A3A8088321F4AB5500A761EF /* Build configuration list for PBXNativeTarget "CalculatorUITests" */ = {
			isa = XCConfigurationList;
			buildConfigurations = (
				A3A8088421F4AB5500A761EF /* Debug */,
				A3A8088521F4AB5500A761EF /* Release */,
			);
			defaultConfigurationIsVisible = 0;
			defaultConfigurationName = Release;
		};
/* End XCConfigurationList section */

/* Begin XCVersionGroup section */
		A3A8085C21F4AB5300A761EF /* Calculator.xcdatamodeld */ = {
			isa = XCVersionGroup;
			children = (
				A3A8085D21F4AB5300A761EF /* Calculator.xcdatamodel */,
			);
			currentVersion = A3A8085D21F4AB5300A761EF /* Calculator.xcdatamodel */;
			path = Calculator.xcdatamodeld;
			sourceTree = "<group>";
			versionGroupType = wrapper.xcdatamodel;
		};
/* End XCVersionGroup section */
	};
	rootObject = A3A8084A21F4AB5300A761EF /* Project object */;
}
